{
    "_meta": {
        "hash": {
            "sha256": "ce355564a6208f9360dd0d68e11766392864383dcb2ec87eed822e7b7e9fc531"
        },
        "pipfile-spec": 6,
        "requires": {
            "python_version": "3.11"
        },
        "sources": [
            {
                "name": "pip_conf_index_global",
                "url": "https://pypi.org/simple",
                "verify_ssl": true
            },
            {
                "name": "nvidia",
                "url": "https://pypi.ngc.nvidia.com",
                "verify_ssl": true
            }
        ]
    },
    "default": {
        "cuda-python": {
            "hashes": [
                "sha256:245f86db37ccd12b740450f8fa847c97b5554303ceace640a76510f601654730",
                "sha256:37b3bad431c7e0cf1bc4837148d42fcd578080068555ef529cf04ca8dff726fb",
                "sha256:5032d6343675ca601bc3cddfb239945b8a22356af644f08097a3e5b7b73a8e2c",
                "sha256:5168e8b531b79c2bde289f90fa3eaea4c6738c4619a7fe14038a25024aab60d4",
                "sha256:571b6037297ee231f95d86c0b61d4d80ec6b1051358b3c26e6ed9babab5de2b2",
                "sha256:63af542a415ed70a413bb9f8bf6a46e4cfcd0812a4436da794108e5e8a7c6db0",
                "sha256:7288fd8befaf725656b0aecce07868e947100e48b04052dd5daf80618db6c051",
                "sha256:8129b06313135d3e46b37fda31656fa905c1199237cb14d67cd20300ffcf1b55",
                "sha256:8a6c0c02bcc76d10c717cbdd7a275044e74377269f62a0115f9d530c8203c410",
                "sha256:91d697d3c26ddb1228bc43e9bc7bd60029b922314d061b38043dfa30bd067444",
                "sha256:a63e4f293438d9ad263290a5df99a3c3f6298f2890c3e20a1232d7e5f8f86594",
                "sha256:b5ae64b3402817d0040987136cc72c614a7ab3c215f95ed4e1d2865b3f588344",
                "sha256:b89e1690268135842ee689531e0bf6d490431201b4bb586d2766d02c0738371b",
                "sha256:bce3151d75dbdf774deb81021f21c0a524e18c8e4ceb7903672e52dec8fd203b",
                "sha256:d2956a364c90dc3365c0efc96300eacdf4a724b199de1107271aa1e2489ed1ab",
                "sha256:f2af266c03a1799dfa186cf359556f9f072e8c29253a5eeb718dc1f9c4752235"
            ],
            "index": "pip_conf_index_global",
            "version": "==12.2.0"
        },
        "cython": {
            "hashes": [
                "sha256:011c4e0b75baee1843334562487eb4fbc0c59ddb2cc32a978b972a81eedcbdcc",
                "sha256:05cb2a73810f045d328b7579cf98f550a9e601df5e282d1fea0512d8ad589011",
                "sha256:067b2b9eb487bd61367b296f11b7c1c70a084b3eb7d5a572f607cd1fc5ca5586",
                "sha256:08d67c7225a09eeb77e090c8d4f60677165b052ccf76e3a57d8237064e5c2de2",
                "sha256:10cbfb37f31938371a6213cc8b5459c639954aed053efeded3c012d4c5915db9",
                "sha256:147cc1d3dda8b06de9d86df5e59cdf15f0a522620168b7349a5ec88b48104d7d",
                "sha256:1b12a8f23270675b537d1c3b988f845bea4bbcc66ae0468857f5ede0526d4522",
                "sha256:213ff9f95de319e54b520bf31edd6aa7a1fa4fbf617c2beb0f92362595e6476a",
                "sha256:22ba78e48bdb65977928ecb275ac8c82df7b0eefa075078a1363a5af4606b42e",
                "sha256:2f84bd6cefa5130750c492038170c44f1cbd6f42e9ed85e168fd9cb453f85160",
                "sha256:302281b927409b3e0ef8cd9251eab782cf1acd2578eab305519fbae5d184b7e9",
                "sha256:34f7b014ebce5d325c8084e396c81cdafbd8d82be56780dffe6b67b28c891f1b",
                "sha256:38085523fa7a299638d051ae08144222785639882f6291bd275c0b12db1034ff",
                "sha256:477cd3549597f09a1608da7b05e16ba641e9aedd171b868533a5a07790ed886f",
                "sha256:4bebbca13078125a35937966137af4bd0300a0c66fd7ae4ce36adc049b13bdf3",
                "sha256:4db017b104f47b1185237702f6ed2651839c8124614683efa7c489f3fa4e19d9",
                "sha256:4dca13c86d6cd523c7d8bbf8db1b2bbf8faedd0addedb229158d8015ad1819e1",
                "sha256:4fe806d154b6b7f0ab746dac36c022889e2e7cf47546ff9afdc29a62cfa692d0",
                "sha256:54d41a1dfbaab74449873e7f8e6cd4239850fe7a50f7f784dd99a560927f3bac",
                "sha256:550b3fbe9b3c555b44ded934f4822f9fcc04dfcee512167ebcbbd370ccede20e",
                "sha256:5682293d344b7dbad97ce6eceb9e887aca6e53499709db9da726ca3424e5559d",
                "sha256:62dd78afdf748a58dae9c9b9c42a1519ae30787b28ce5f84a0e1bb54144142ca",
                "sha256:6b75e9c9d7ad7c9dd85d45241d1d4e3c5f66079c1f84eec91689c26d98bc3349",
                "sha256:75a2395cc7b78cff59be6e9b7f92bbb5d7b8d25203f6d3fb6f72bdb7d3f49777",
                "sha256:77ec0134fc1b10aebef2013936a91c07bff2498ec283bc2eca099ee0cb94d12e",
                "sha256:786b6034a91e886116bb562fe42f8bf0f97c3e00c02e56791d02675959ed65b1",
                "sha256:78e2853d484643c6b7ac3bdb48392753442da1c71b689468fa3176b619bebe54",
                "sha256:7e08ff5da5f5b969639784b1bffcd880a0c0f048d182aed7cba9945ee8b367c2",
                "sha256:7f43c4d3ecd9e3b8b7afe834e519f55cf4249b1088f96d11b96f02c55cbaeff7",
                "sha256:809617cf4825b2138ce0ec827e1f28e39668743c81ac8286373f8d148c05f088",
                "sha256:832bbee87bca760efeae248ddf19ccd77f9a2355cb6f8a64f20cc377e56957b3",
                "sha256:8850269ff59f77a1629e26d0576701925360d732011d6d3516ccdc5b2c2bc310",
                "sha256:8948504338d7a140ce588333177dcabf0743a68dbc83b0174f214f5b959634d5",
                "sha256:8ccb91d2254e34724f1541b2a6fcdfacdb88284185b0097ae84e0ddf476c7a38",
                "sha256:8f1c9e4b8e413da211dd7942440cf410ff0eafb081309e04e81f4fafbb146bf2",
                "sha256:9594818dca8bb22ae6580c5222da2bc5cc32334350bd2d294a00d8669bcc61b5",
                "sha256:989787fc24a95100a26918b6577d06e15a8868a3ed267009c5cfcf1a906179ac",
                "sha256:9e625eec8c5c9a8cb062a318b257cc469d301bed952c7daf86e38bbd3afe7c91",
                "sha256:a1c3675394b81024aaf56e4f53c2b4f81d9a116c7049e9d4706f810899c9134e",
                "sha256:a49dde9f9e29ea82f29aaf3bb1a270b6eb90b75d627c7ff2f5dd3764540ae646",
                "sha256:a51efba0e136b2af358e5a347bae09678b17460c35cf1eab24f0476820348991",
                "sha256:ae453cfa933b919c0a19d2cc5dc9fb28486268e95dc2ab7a11ab7f99cf8c3883",
                "sha256:b032cb0c69082f0665b2c5fb416d041157062f1538336d0edf823b9ee500e39c",
                "sha256:b1f023d36a3829069ed11017c670128be3f135a9c17bd64c35d3b3442243b05c",
                "sha256:bc1c8013fad0933f5201186eccc5f2be223cafd6a8dcd586d3f7bb6ba84dc845",
                "sha256:c298b1589205ecaaed0457ad05e0c8a43e7db2053607f48ed4a899cb6aa114df",
                "sha256:c5e722732e9aa9bde667ed6d87525234823eb7766ca234cfb19d7e0c095a2ef4",
                "sha256:c90eeb94395315e65fd758a2f86b92904fce7b50060b4d45a878ef6767f9276e",
                "sha256:cc9d173ab8b167cae674f6deed8c65ba816574797a2bd6d8aa623277d1fa81ca",
                "sha256:d0d0cc4ecc05f41c5e02af14ac0083552d22efed976f79eb7bade55fed63b25d",
                "sha256:d21801981db44b7e9f9768f121317946461d56b51de1e6eff3c42e8914048696",
                "sha256:d5e5587128e8c2423aefcffa4ded4ddf60d44898938fbb7c0f236636a750a94f",
                "sha256:dab6a923e21e212aa3dc6dde9b22a190f5d7c449315a94e57ddc019ea74a979b",
                "sha256:dd30826ca8b27b2955a63c8ffe8aacc9f0779582b4bd154cf7b441ac10dae2cb",
                "sha256:e486331a29e7700b1ad5f4f753bef483c81412a5e64a873df46d6cb66f9a65de",
                "sha256:e663c237579c033deaa2cb362b74651da7712f56e441c11382510a8c4c4f2dd7",
                "sha256:e825e682cef76d0c33384f38b56b7e87c76152482a914dfc78faed6ff66ce05a",
                "sha256:f37e4287f520f3748a06ad5eaae09ba4ac68f52e155d70de5f75780d83575c43"
            ],
            "markers": "python_version >= '2.7' and python_version not in '3.0, 3.1, 3.2, 3.3'",
            "version": "==3.0.2"
        },
        "nvidia-cublas-cu11": {
            "hashes": [
                "sha256:39fb40e8f486dd8a2ddb8fdeefe1d5b28f5b99df01c87ab3676f057a74a5a6f3",
                "sha256:6ab12b1302bef8ac1ff4414edd1c059e57f4833abef9151683fb8f4de25900be"
            ],
            "markers": "python_version >= '3'",
            "version": "==11.11.3.6"
        },
        "nvidia-cuda-nvrtc-cu11": {
            "hashes": [
                "sha256:1f27d67b0f72902e9065ae568b4f6268dfe49ba3ed269c9a3da99bb86d1d2008",
                "sha256:e18a23a8f4064664a6f1c4a64f38c581cbebfb5935280e94a4943ea8ae3791b1"
            ],
            "markers": "python_version >= '3'",
            "version": "==11.8.89"
        },
        "nvidia-cuda-runtime-cu11": {
            "hashes": [
                "sha256:f587bd726eb2f7612cf77ce38a2c1e65cf23251ff49437f6161ce0d647f64f7c",
                "sha256:f60c9fdaed8065b38de8097867240efc5556a8a710007146daeb9082334a6e63"
            ],
            "index": "pip_conf_index_global",
            "markers": "python_version >= '3'",
            "version": "==11.8.89"
        },
        "nvidia-cudnn-cu11": {
            "hashes": [
                "sha256:bfad1a2e90eeb6e7314afad39e9d731344cfc3220233ece6c04c35e321dedd4a",
                "sha256:c39cf14efb0ae7b4bf7396fba19a13d1c7f035e913fec254b163c3edcfb65fc5"
            ],
            "index": "pip_conf_index_global",
            "markers": "python_version >= '3'",
            "version": "==8.9.4.25"
        },
        "nvidia-cufft-cu11": {
            "hashes": [
                "sha256:222f9da70c80384632fd6035e4c3f16762d64ea7a843829cb278f98b3cb7dd81",
                "sha256:c4d316f17c745ec9c728e30409612eaf77a8404c3733cdf6c9c1569634d1ca03"
            ],
            "index": "pip_conf_index_global",
            "markers": "python_version >= '3'",
            "version": "==10.9.0.58"
        },
        "nvidia-curand-cu11": {
            "hashes": [
                "sha256:8fa8365065fc3e3760d7437b08f164a6bcf8f7124f3b544d2463ded01e6bdc70",
                "sha256:ac439548c88580269a1eb6aeb602a5aed32f0dbb20809a31d9ed7d01d77f6bf5"
            ],
            "index": "pip_conf_index_global",
            "markers": "python_version >= '3'",
            "version": "==10.3.0.86"
        },
        "nvidia-cusolver-cu11": {
            "hashes": [
                "sha256:7efe43b113495a64e2cf9a0b4365bd53b0a82afb2e2cf91e9f993c9ef5e69ee8",
                "sha256:ca538f545645b7e6629140786d3127fe067b3d5a085bd794cde5bfe877c8926f"
            ],
            "index": "pip_conf_index_global",
            "markers": "python_version >= '3'",
            "version": "==11.4.1.48"
        },
        "nvidia-cusparse-cu11": {
            "hashes": [
                "sha256:4ae709fe78d3f23f60acaba8c54b8ad556cf16ca486e0cc1aa92dca7555d2d2b",
                "sha256:a0f6ee81cd91be606fc2f55992d06b09cd4e86d74b6ae5e8dd1631cf7f5a8706"
            ],
            "index": "pip_conf_index_global",
            "markers": "python_version >= '3'",
            "version": "==11.7.5.86"
        },
        "pynvml": {
            "hashes": [
                "sha256:5cce014ac01b098d08f06178f86c37be409b80b2e903a5a03ce15eed60f55e25",
                "sha256:d027b21b95b1088b9fc278117f9f61b7c67f8e33a787e9f83f735f0f71ac32d0"
            ],
            "index": "pip_conf_index_global",
            "markers": "python_version >= '3.6'",
            "version": "==11.5.0"
        }
    },
    "develop": {}
}
